# generated by rye
# use `rye lock` or `rye sync` to update this lockfile
#
# last locked with the following flags:
#   pre: false
#   features: []
#   all-features: false
#   with-sources: false
#   generate-hashes: false

-e file:.
jax==0.4.33
    # via numpyro
jaxlib==0.4.33
    # via jax
    # via numpyro
ml-dtypes==0.5.0
    # via jax
    # via jaxlib
multipledispatch==1.0.0
    # via numpyro
numpy==2.1.1
    # via jax
    # via jaxlib
    # via ml-dtypes
    # via numpyro
    # via opt-einsum
    # via scipy
numpyro==0.15.3
    # via lantern-npyro
opt-einsum==3.3.0
    # via jax
scipy==1.14.1
    # via jax
    # via jaxlib
tqdm==4.66.5
    # via numpyro
